
Microsoft Visual Studio Solution File, Format Version 12.00
# Visual Studio Version 16
VisualStudioVersion = 16.0.28803.452
MinimumVisualStudioVersion = 10.0.40219.1
Project("{888888A0-9F3D-457C-B088-3A5042F75D52}") = "road_classify", "road_classify.pyproj", "{1FEC52F6-5AA4-480A-9E18-4A9D5D514F75}"
EndProject
Global
	GlobalSection(SolutionConfigurationPlatforms) = preSolution
		Debug|Any CPU = Debug|Any CPU
		Release|Any CPU = Release|Any CPU
	EndGlobalSection
	GlobalSection(ProjectConfigurationPlatforms) = postSolution
		{1FEC52F6-5AA4-480A-9E18-4A9D5D514F75}.Debug|Any CPU.ActiveCfg = Debug|Any CPU
		{1FEC52F6-5AA4-480A-9E18-4A9D5D514F75}.Release|Any CPU.ActiveCfg = Release|Any CPU
	EndGlobalSection
	GlobalSection(SolutionProperties) = preSolution
		HideSolutionNode = FALSE
	EndGlobalSection
	GlobalSection(ExtensibilityGlobals) = postSolution
		SolutionGuid = {6D343F39-6730-4D8F-86F7-1C64CD9743D6}
	EndGlobalSection
EndGlobal
